# This file is automatically @generated by Cargo.
# It is not intended for manual editing.
version = 4

[[package]]
name = "aeon"
version = "0.6.0"

[[package]]
name = "aeon_derive"
version = "0.5.0"
dependencies = [
 "aeon_derive_utils",
]

[[package]]
name = "aeon_derive_utils"
version = "0.1.0"
source = "registry+https://github.com/rust-lang/crates.io-index"
checksum = "271ab1e2a7a6a0dd5300fb35436b1386a69479040f5fb4354b28ff9db5db1365"

[[package]]
name = "aeon_tests"
version = "0.1.0"
dependencies = [
 "aeon",
 "aeon_derive",
]
